PODS:
  - PromiseKit (4.1.0):
    - PromiseKit/Foundation (= 4.1.0)
    - PromiseKit/QuartzCore (= 4.1.0)
    - PromiseKit/UIKit (= 4.1.0)
  - PromiseKit/CorePromise (4.1.0)
  - PromiseKit/Foundation (4.1.0):
    - PromiseKit/CorePromise
  - PromiseKit/QuartzCore (4.1.0):
    - PromiseKit/CorePromise
  - PromiseKit/UIKit (4.1.0):
    - PromiseKit/CorePromise

DEPENDENCIES:
  - PromiseKit

SPEC CHECKSUMS:
  PromiseKit: c98453ff78544c0ad5bb0ea980782e6875f47978

PODFILE CHECKSUM: 94b3ace1ed92324de768999f3318c2e9107eea56

COCOAPODS: 1.1.1
